
Microsoft Visual Studio Solution File, Format Version 12.00
# Visual Studio Version 16
VisualStudioVersion = 16.0.30804.86
MinimumVisualStudioVersion = 10.0.40219.1
Project("{FAE04EC0-301F-11D3-BF4B-00C04F79EFBC}") = "LeetCode.Ex257", "LeetCode.Ex257\LeetCode.Ex257.csproj", "{0EE54AB1-181A-4778-926A-C8CD2913B234}"
EndProject
Project("{FAE04EC0-301F-11D3-BF4B-00C04F79EFBC}") = "LeetCode.Ex257.Test", "LeetCode.Ex257.Test\LeetCode.Ex257.Test.csproj", "{4DF066E1-30A4-47A4-8ED7-A0CCEF29443B}"
EndProject
Global
	GlobalSection(SolutionConfigurationPlatforms) = preSolution
		Debug|Any CPU = Debug|Any CPU
		Release|Any CPU = Release|Any CPU
	EndGlobalSection
	GlobalSection(ProjectConfigurationPlatforms) = postSolution
		{0EE54AB1-181A-4778-926A-C8CD2913B234}.Debug|Any CPU.ActiveCfg = Debug|Any CPU
		{0EE54AB1-181A-4778-926A-C8CD2913B234}.Debug|Any CPU.Build.0 = Debug|Any CPU
		{0EE54AB1-181A-4778-926A-C8CD2913B234}.Release|Any CPU.ActiveCfg = Release|Any CPU
		{0EE54AB1-181A-4778-926A-C8CD2913B234}.Release|Any CPU.Build.0 = Release|Any CPU
		{4DF066E1-30A4-47A4-8ED7-A0CCEF29443B}.Debug|Any CPU.ActiveCfg = Debug|Any CPU
		{4DF066E1-30A4-47A4-8ED7-A0CCEF29443B}.Debug|Any CPU.Build.0 = Debug|Any CPU
		{4DF066E1-30A4-47A4-8ED7-A0CCEF29443B}.Release|Any CPU.ActiveCfg = Release|Any CPU
		{4DF066E1-30A4-47A4-8ED7-A0CCEF29443B}.Release|Any CPU.Build.0 = Release|Any CPU
	EndGlobalSection
	GlobalSection(SolutionProperties) = preSolution
		HideSolutionNode = FALSE
	EndGlobalSection
	GlobalSection(ExtensibilityGlobals) = postSolution
		SolutionGuid = {7E37FF9E-45F2-4285-89C2-50529B33356F}
	EndGlobalSection
EndGlobal
